
Microsoft Visual Studio Solution File, Format Version 12.00
# Visual Studio Version 16
VisualStudioVersion = 16.0.31410.357
MinimumVisualStudioVersion = 10.0.40219.1
Project("{9A19103F-16F7-4668-BE54-9A1E7A4F7556}") = "LCA.API", "lca.api\LCA.API.csproj", "{6A04B363-7C82-4039-9FB5-5868ED71153F}"
EndProject
Project("{9A19103F-16F7-4668-BE54-9A1E7A4F7556}") = "LCA.Data", "lca.data\LCA.Data.csproj", "{EBFB0267-7117-4902-8315-9581125ECD78}"
EndProject
Project("{2150E333-8FDC-42A3-9474-1A3956D46DE8}") = "1.Presentation", "1.Presentation", "{B5F6DA49-ACB8-4A65-909E-CF77C1F0A3BC}"
EndProject
Project("{2150E333-8FDC-42A3-9474-1A3956D46DE8}") = "2.Service", "2.Service", "{E107B9CF-E8E6-4737-B172-70542042AA7F}"
EndProject
Project("{2150E333-8FDC-42A3-9474-1A3956D46DE8}") = "3.Data", "3.Data", "{444B10C3-05A4-4C18-8CC3-31F46A2DEFF2}"
EndProject
Project("{9A19103F-16F7-4668-BE54-9A1E7A4F7556}") = "LCA.Service", "lca.services\LCA.Service.csproj", "{C00439A9-D3AC-406F-A32D-B5BD64B731A5}"
EndProject
Global
	GlobalSection(SolutionConfigurationPlatforms) = preSolution
		Debug|Any CPU = Debug|Any CPU
		Release|Any CPU = Release|Any CPU
	EndGlobalSection
	GlobalSection(ProjectConfigurationPlatforms) = postSolution
		{6A04B363-7C82-4039-9FB5-5868ED71153F}.Debug|Any CPU.ActiveCfg = Debug|Any CPU
		{6A04B363-7C82-4039-9FB5-5868ED71153F}.Debug|Any CPU.Build.0 = Debug|Any CPU
		{6A04B363-7C82-4039-9FB5-5868ED71153F}.Release|Any CPU.ActiveCfg = Release|Any CPU
		{6A04B363-7C82-4039-9FB5-5868ED71153F}.Release|Any CPU.Build.0 = Release|Any CPU
		{EBFB0267-7117-4902-8315-9581125ECD78}.Debug|Any CPU.ActiveCfg = Debug|Any CPU
		{EBFB0267-7117-4902-8315-9581125ECD78}.Debug|Any CPU.Build.0 = Debug|Any CPU
		{EBFB0267-7117-4902-8315-9581125ECD78}.Release|Any CPU.ActiveCfg = Release|Any CPU
		{EBFB0267-7117-4902-8315-9581125ECD78}.Release|Any CPU.Build.0 = Release|Any CPU
		{C00439A9-D3AC-406F-A32D-B5BD64B731A5}.Debug|Any CPU.ActiveCfg = Debug|Any CPU
		{C00439A9-D3AC-406F-A32D-B5BD64B731A5}.Debug|Any CPU.Build.0 = Debug|Any CPU
		{C00439A9-D3AC-406F-A32D-B5BD64B731A5}.Release|Any CPU.ActiveCfg = Release|Any CPU
		{C00439A9-D3AC-406F-A32D-B5BD64B731A5}.Release|Any CPU.Build.0 = Release|Any CPU
	EndGlobalSection
	GlobalSection(SolutionProperties) = preSolution
		HideSolutionNode = FALSE
	EndGlobalSection
	GlobalSection(NestedProjects) = preSolution
		{6A04B363-7C82-4039-9FB5-5868ED71153F} = {B5F6DA49-ACB8-4A65-909E-CF77C1F0A3BC}
		{EBFB0267-7117-4902-8315-9581125ECD78} = {444B10C3-05A4-4C18-8CC3-31F46A2DEFF2}
		{C00439A9-D3AC-406F-A32D-B5BD64B731A5} = {E107B9CF-E8E6-4737-B172-70542042AA7F}
	EndGlobalSection
	GlobalSection(ExtensibilityGlobals) = postSolution
		SolutionGuid = {619DEAF7-BB55-4DD1-AFEF-F9E6337D64CB}
	EndGlobalSection
EndGlobal
